// !$*UTF8*$!
{
	archiveVersion = 1;
	classes = {
	};
	objectVersion = 50;
	objects = {

/* Begin PBXBuildFile section */
		79ECC156EBFA9451964F8DC7 /* Pods_ExampleVipewUITests.framework in Frameworks */ = {isa = PBXBuildFile; fileRef = 40B968DEEA27000B2106FE0C /* Pods_ExampleVipewUITests.framework */; };
		7B07B05920FC7D6400B86323 /* SecondViewController.swift in Sources */ = {isa = PBXBuildFile; fileRef = 7B07B05820FC7D6400B86323 /* SecondViewController.swift */; };
		7B07B05B20FC7EC300B86323 /* SecondHomeProtocols.swift in Sources */ = {isa = PBXBuildFile; fileRef = 7B07B05A20FC7EC300B86323 /* SecondHomeProtocols.swift */; };
		7B07B05D20FC84BF00B86323 /* SecondInteractor.swift in Sources */ = {isa = PBXBuildFile; fileRef = 7B07B05C20FC84BF00B86323 /* SecondInteractor.swift */; };
		7B07B05F20FC870500B86323 /* SecondPresenter.swift in Sources */ = {isa = PBXBuildFile; fileRef = 7B07B05E20FC870500B86323 /* SecondPresenter.swift */; };
		7B07B06120FC89C100B86323 /* SecondRouter.swift in Sources */ = {isa = PBXBuildFile; fileRef = 7B07B06020FC89C100B86323 /* SecondRouter.swift */; };
		7B9595F320FDCB050088AEEC /* SecondHomeTableViewCell.swift in Sources */ = {isa = PBXBuildFile; fileRef = 7B9595F220FDCB050088AEEC /* SecondHomeTableViewCell.swift */; };
		7B9595F520FDCF3B0088AEEC /* SecondDataSourceTableView.swift in Sources */ = {isa = PBXBuildFile; fileRef = 7B9595F420FDCF3B0088AEEC /* SecondDataSourceTableView.swift */; };
		7B9595FE20FDD5E90088AEEC /* DetailHomeViewController.swift in Sources */ = {isa = PBXBuildFile; fileRef = 7B9595FD20FDD5E90088AEEC /* DetailHomeViewController.swift */; };
		7B95960020FDD75E0088AEEC /* DetailHomeProtocols.swift in Sources */ = {isa = PBXBuildFile; fileRef = 7B9595FF20FDD75E0088AEEC /* DetailHomeProtocols.swift */; };
		7B95960220FDD8C60088AEEC /* DetailRouter.swift in Sources */ = {isa = PBXBuildFile; fileRef = 7B95960120FDD8C60088AEEC /* DetailRouter.swift */; };
		7B95960420FEFD170088AEEC /* DetailPresenter.swift in Sources */ = {isa = PBXBuildFile; fileRef = 7B95960320FEFD170088AEEC /* DetailPresenter.swift */; };
		7B95960720FF198F0088AEEC /* BaseClass.swift in Sources */ = {isa = PBXBuildFile; fileRef = 7B95960620FF198F0088AEEC /* BaseClass.swift */; };
		7B95960A210036EE0088AEEC /* DebugError.swift in Sources */ = {isa = PBXBuildFile; fileRef = 7B959609210036EE0088AEEC /* DebugError.swift */; };
		7B95960C21004EE00088AEEC /* Connectivity.swift in Sources */ = {isa = PBXBuildFile; fileRef = 7B95960B21004EE00088AEEC /* Connectivity.swift */; };
		7B95960E210050020088AEEC /* StringError.swift in Sources */ = {isa = PBXBuildFile; fileRef = 7B95960D210050020088AEEC /* StringError.swift */; };
		7B95961521006FCA0088AEEC /* EmptyView.swift in Sources */ = {isa = PBXBuildFile; fileRef = 7B95961421006FCA0088AEEC /* EmptyView.swift */; };
		7B95962021008B2B0088AEEC /* EmptyView.xib in Resources */ = {isa = PBXBuildFile; fileRef = 7B95961F21008B2B0088AEEC /* EmptyView.xib */; };
		7BD38DC920B51398000C6D22 /* AppDelegate.swift in Sources */ = {isa = PBXBuildFile; fileRef = 7BD38DC820B51398000C6D22 /* AppDelegate.swift */; };
		7BD38DCB20B51398000C6D22 /* ViewController.swift in Sources */ = {isa = PBXBuildFile; fileRef = 7BD38DCA20B51398000C6D22 /* ViewController.swift */; };
		7BD38DCE20B51398000C6D22 /* Main.storyboard in Resources */ = {isa = PBXBuildFile; fileRef = 7BD38DCC20B51398000C6D22 /* Main.storyboard */; };
		7BD38DD120B51398000C6D22 /* ExampleVipew.xcdatamodeld in Sources */ = {isa = PBXBuildFile; fileRef = 7BD38DCF20B51398000C6D22 /* ExampleVipew.xcdatamodeld */; };
		7BD38DD320B5139B000C6D22 /* Assets.xcassets in Resources */ = {isa = PBXBuildFile; fileRef = 7BD38DD220B5139B000C6D22 /* Assets.xcassets */; };
		7BD38DD620B5139B000C6D22 /* LaunchScreen.storyboard in Resources */ = {isa = PBXBuildFile; fileRef = 7BD38DD420B5139B000C6D22 /* LaunchScreen.storyboard */; };
		7BD38DE120B5139B000C6D22 /* ExampleVipewTests.swift in Sources */ = {isa = PBXBuildFile; fileRef = 7BD38DE020B5139B000C6D22 /* ExampleVipewTests.swift */; };
		7BD38DEC20B5139B000C6D22 /* ExampleVipewUITests.swift in Sources */ = {isa = PBXBuildFile; fileRef = 7BD38DEB20B5139B000C6D22 /* ExampleVipewUITests.swift */; };
		7BD38E0120B51561000C6D22 /* HomeViewController.swift in Sources */ = {isa = PBXBuildFile; fileRef = 7BD38E0020B51561000C6D22 /* HomeViewController.swift */; };
		7BD38E0320B515E9000C6D22 /* HomeRouter.swift in Sources */ = {isa = PBXBuildFile; fileRef = 7BD38E0220B515E9000C6D22 /* HomeRouter.swift */; };
		7BD38E0520B5162F000C6D22 /* HomeProtocols.swift in Sources */ = {isa = PBXBuildFile; fileRef = 7BD38E0420B5162F000C6D22 /* HomeProtocols.swift */; };
		7BD38E0720B51AA5000C6D22 /* HomePresenter.swift in Sources */ = {isa = PBXBuildFile; fileRef = 7BD38E0620B51AA5000C6D22 /* HomePresenter.swift */; };
		7BD38E0B20B54022000C6D22 /* HomeInteractor.swift in Sources */ = {isa = PBXBuildFile; fileRef = 7BD38E0A20B54022000C6D22 /* HomeInteractor.swift */; };
		7BD38E1020B544D6000C6D22 /* Constant.swift in Sources */ = {isa = PBXBuildFile; fileRef = 7BD38E0F20B544D6000C6D22 /* Constant.swift */; };
		7BD38E1220B549C1000C6D22 /* Contact.swift in Sources */ = {isa = PBXBuildFile; fileRef = 7BD38E1120B549C1000C6D22 /* Contact.swift */; };
		8A846545E3074FE3F35C649E /* Pods_ExampleVipew.framework in Frameworks */ = {isa = PBXBuildFile; fileRef = E2D63604D29D14B2E9367B9A /* Pods_ExampleVipew.framework */; };
		D4FC713E4DF92E9776E6E376 /* Pods_ExampleVipewTests.framework in Frameworks */ = {isa = PBXBuildFile; fileRef = 14B0FF2E5C9B9BD14628B45E /* Pods_ExampleVipewTests.framework */; };
/* End PBXBuildFile section */

/* Begin PBXContainerItemProxy section */
		7BD38DDD20B5139B000C6D22 /* PBXContainerItemProxy */ = {
			isa = PBXContainerItemProxy;
			containerPortal = 7BD38DBD20B51398000C6D22 /* Project object */;
			proxyType = 1;
			remoteGlobalIDString = 7BD38DC420B51398000C6D22;
			remoteInfo = ExampleVipew;
		};
		7BD38DE820B5139B000C6D22 /* PBXContainerItemProxy */ = {
			isa = PBXContainerItemProxy;
			containerPortal = 7BD38DBD20B51398000C6D22 /* Project object */;
			proxyType = 1;
			remoteGlobalIDString = 7BD38DC420B51398000C6D22;
			remoteInfo = ExampleVipew;
		};
/* End PBXContainerItemProxy section */

/* Begin PBXFileReference section */
		0BE258086DB0DFC4A8E4002B /* Pods-ExampleVipew.debug.xcconfig */ = {isa = PBXFileReference; includeInIndex = 1; lastKnownFileType = text.xcconfig; name = "Pods-ExampleVipew.debug.xcconfig"; path = "Pods/Target Support Files/Pods-ExampleVipew/Pods-ExampleVipew.debug.xcconfig"; sourceTree = "<group>"; };
		14B0FF2E5C9B9BD14628B45E /* Pods_ExampleVipewTests.framework */ = {isa = PBXFileReference; explicitFileType = wrapper.framework; includeInIndex = 0; path = Pods_ExampleVipewTests.framework; sourceTree = BUILT_PRODUCTS_DIR; };
		40B968DEEA27000B2106FE0C /* Pods_ExampleVipewUITests.framework */ = {isa = PBXFileReference; explicitFileType = wrapper.framework; includeInIndex = 0; path = Pods_ExampleVipewUITests.framework; sourceTree = BUILT_PRODUCTS_DIR; };
		761EE28D9B1624F539C30841 /* Pods-ExampleVipewUITests.release.xcconfig */ = {isa = PBXFileReference; includeInIndex = 1; lastKnownFileType = text.xcconfig; name = "Pods-ExampleVipewUITests.release.xcconfig"; path = "Pods/Target Support Files/Pods-ExampleVipewUITests/Pods-ExampleVipewUITests.release.xcconfig"; sourceTree = "<group>"; };
		7B07B05820FC7D6400B86323 /* SecondViewController.swift */ = {isa = PBXFileReference; lastKnownFileType = sourcecode.swift; path = SecondViewController.swift; sourceTree = "<group>"; };
		7B07B05A20FC7EC300B86323 /* SecondHomeProtocols.swift */ = {isa = PBXFileReference; lastKnownFileType = sourcecode.swift; path = SecondHomeProtocols.swift; sourceTree = "<group>"; };
		7B07B05C20FC84BF00B86323 /* SecondInteractor.swift */ = {isa = PBXFileReference; lastKnownFileType = sourcecode.swift; path = SecondInteractor.swift; sourceTree = "<group>"; };
		7B07B05E20FC870500B86323 /* SecondPresenter.swift */ = {isa = PBXFileReference; lastKnownFileType = sourcecode.swift; path = SecondPresenter.swift; sourceTree = "<group>"; };
		7B07B06020FC89C100B86323 /* SecondRouter.swift */ = {isa = PBXFileReference; lastKnownFileType = sourcecode.swift; path = SecondRouter.swift; sourceTree = "<group>"; };
		7B9595F220FDCB050088AEEC /* SecondHomeTableViewCell.swift */ = {isa = PBXFileReference; lastKnownFileType = sourcecode.swift; path = SecondHomeTableViewCell.swift; sourceTree = "<group>"; };
		7B9595F420FDCF3B0088AEEC /* SecondDataSourceTableView.swift */ = {isa = PBXFileReference; lastKnownFileType = sourcecode.swift; path = SecondDataSourceTableView.swift; sourceTree = "<group>"; };
		7B9595FD20FDD5E90088AEEC /* DetailHomeViewController.swift */ = {isa = PBXFileReference; lastKnownFileType = sourcecode.swift; path = DetailHomeViewController.swift; sourceTree = "<group>"; };
		7B9595FF20FDD75E0088AEEC /* DetailHomeProtocols.swift */ = {isa = PBXFileReference; lastKnownFileType = sourcecode.swift; path = DetailHomeProtocols.swift; sourceTree = "<group>"; };
		7B95960120FDD8C60088AEEC /* DetailRouter.swift */ = {isa = PBXFileReference; lastKnownFileType = sourcecode.swift; path = DetailRouter.swift; sourceTree = "<group>"; };
		7B95960320FEFD170088AEEC /* DetailPresenter.swift */ = {isa = PBXFileReference; lastKnownFileType = sourcecode.swift; path = DetailPresenter.swift; sourceTree = "<group>"; };
		7B95960620FF198F0088AEEC /* BaseClass.swift */ = {isa = PBXFileReference; lastKnownFileType = sourcecode.swift; path = BaseClass.swift; sourceTree = "<group>"; };
		7B959609210036EE0088AEEC /* DebugError.swift */ = {isa = PBXFileReference; lastKnownFileType = sourcecode.swift; path = DebugError.swift; sourceTree = "<group>"; };
		7B95960B21004EE00088AEEC /* Connectivity.swift */ = {isa = PBXFileReference; lastKnownFileType = sourcecode.swift; path = Connectivity.swift; sourceTree = "<group>"; };
		7B95960D210050020088AEEC /* StringError.swift */ = {isa = PBXFileReference; lastKnownFileType = sourcecode.swift; path = StringError.swift; sourceTree = "<group>"; };
		7B95961421006FCA0088AEEC /* EmptyView.swift */ = {isa = PBXFileReference; lastKnownFileType = sourcecode.swift; path = EmptyView.swift; sourceTree = "<group>"; };
		7B95961F21008B2B0088AEEC /* EmptyView.xib */ = {isa = PBXFileReference; lastKnownFileType = file.xib; path = EmptyView.xib; sourceTree = "<group>"; };
		7BD38DC520B51398000C6D22 /* ExampleVipew.app */ = {isa = PBXFileReference; explicitFileType = wrapper.application; includeInIndex = 0; path = ExampleVipew.app; sourceTree = BUILT_PRODUCTS_DIR; };
		7BD38DC820B51398000C6D22 /* AppDelegate.swift */ = {isa = PBXFileReference; lastKnownFileType = sourcecode.swift; path = AppDelegate.swift; sourceTree = "<group>"; };
		7BD38DCA20B51398000C6D22 /* ViewController.swift */ = {isa = PBXFileReference; lastKnownFileType = sourcecode.swift; path = ViewController.swift; sourceTree = "<group>"; };
		7BD38DCD20B51398000C6D22 /* Base */ = {isa = PBXFileReference; lastKnownFileType = file.storyboard; name = Base; path = Base.lproj/Main.storyboard; sourceTree = "<group>"; };
		7BD38DD020B51398000C6D22 /* ExampleVipew.xcdatamodel */ = {isa = PBXFileReference; lastKnownFileType = wrapper.xcdatamodel; path = ExampleVipew.xcdatamodel; sourceTree = "<group>"; };
		7BD38DD220B5139B000C6D22 /* Assets.xcassets */ = {isa = PBXFileReference; lastKnownFileType = folder.assetcatalog; path = Assets.xcassets; sourceTree = "<group>"; };
		7BD38DD520B5139B000C6D22 /* Base */ = {isa = PBXFileReference; lastKnownFileType = file.storyboard; name = Base; path = Base.lproj/LaunchScreen.storyboard; sourceTree = "<group>"; };
		7BD38DD720B5139B000C6D22 /* Info.plist */ = {isa = PBXFileReference; lastKnownFileType = text.plist.xml; path = Info.plist; sourceTree = "<group>"; };
		7BD38DDC20B5139B000C6D22 /* ExampleVipewTests.xctest */ = {isa = PBXFileReference; explicitFileType = wrapper.cfbundle; includeInIndex = 0; path = ExampleVipewTests.xctest; sourceTree = BUILT_PRODUCTS_DIR; };
		7BD38DE020B5139B000C6D22 /* ExampleVipewTests.swift */ = {isa = PBXFileReference; lastKnownFileType = sourcecode.swift; path = ExampleVipewTests.swift; sourceTree = "<group>"; };
		7BD38DE220B5139B000C6D22 /* Info.plist */ = {isa = PBXFileReference; lastKnownFileType = text.plist.xml; path = Info.plist; sourceTree = "<group>"; };
		7BD38DE720B5139B000C6D22 /* ExampleVipewUITests.xctest */ = {isa = PBXFileReference; explicitFileType = wrapper.cfbundle; includeInIndex = 0; path = ExampleVipewUITests.xctest; sourceTree = BUILT_PRODUCTS_DIR; };
		7BD38DEB20B5139B000C6D22 /* ExampleVipewUITests.swift */ = {isa = PBXFileReference; lastKnownFileType = sourcecode.swift; path = ExampleVipewUITests.swift; sourceTree = "<group>"; };
		7BD38DED20B5139B000C6D22 /* Info.plist */ = {isa = PBXFileReference; lastKnownFileType = text.plist.xml; path = Info.plist; sourceTree = "<group>"; };
		7BD38E0020B51561000C6D22 /* HomeViewController.swift */ = {isa = PBXFileReference; lastKnownFileType = sourcecode.swift; path = HomeViewController.swift; sourceTree = "<group>"; };
		7BD38E0220B515E9000C6D22 /* HomeRouter.swift */ = {isa = PBXFileReference; lastKnownFileType = sourcecode.swift; path = HomeRouter.swift; sourceTree = "<group>"; };
		7BD38E0420B5162F000C6D22 /* HomeProtocols.swift */ = {isa = PBXFileReference; lastKnownFileType = sourcecode.swift; path = HomeProtocols.swift; sourceTree = "<group>"; };
		7BD38E0620B51AA5000C6D22 /* HomePresenter.swift */ = {isa = PBXFileReference; lastKnownFileType = sourcecode.swift; path = HomePresenter.swift; sourceTree = "<group>"; };
		7BD38E0A20B54022000C6D22 /* HomeInteractor.swift */ = {isa = PBXFileReference; lastKnownFileType = sourcecode.swift; path = HomeInteractor.swift; sourceTree = "<group>"; };
		7BD38E0F20B544D6000C6D22 /* Constant.swift */ = {isa = PBXFileReference; lastKnownFileType = sourcecode.swift; path = Constant.swift; sourceTree = "<group>"; };
		7BD38E1120B549C1000C6D22 /* Contact.swift */ = {isa = PBXFileReference; lastKnownFileType = sourcecode.swift; path = Contact.swift; sourceTree = "<group>"; };
		88DF6347138EEED5427FCE14 /* Pods-ExampleVipewTests.release.xcconfig */ = {isa = PBXFileReference; includeInIndex = 1; lastKnownFileType = text.xcconfig; name = "Pods-ExampleVipewTests.release.xcconfig"; path = "Pods/Target Support Files/Pods-ExampleVipewTests/Pods-ExampleVipewTests.release.xcconfig"; sourceTree = "<group>"; };
		AFB92EA6849A171882202342 /* Pods-ExampleVipew.release.xcconfig */ = {isa = PBXFileReference; includeInIndex = 1; lastKnownFileType = text.xcconfig; name = "Pods-ExampleVipew.release.xcconfig"; path = "Pods/Target Support Files/Pods-ExampleVipew/Pods-ExampleVipew.release.xcconfig"; sourceTree = "<group>"; };
		CF1BB15AA858959D9C451219 /* Pods-ExampleVipewUITests.debug.xcconfig */ = {isa = PBXFileReference; includeInIndex = 1; lastKnownFileType = text.xcconfig; name = "Pods-ExampleVipewUITests.debug.xcconfig"; path = "Pods/Target Support Files/Pods-ExampleVipewUITests/Pods-ExampleVipewUITests.debug.xcconfig"; sourceTree = "<group>"; };
		E2D63604D29D14B2E9367B9A /* Pods_ExampleVipew.framework */ = {isa = PBXFileReference; explicitFileType = wrapper.framework; includeInIndex = 0; path = Pods_ExampleVipew.framework; sourceTree = BUILT_PRODUCTS_DIR; };
		E72CD427470CA813AB5A8474 /* Pods-ExampleVipewTests.debug.xcconfig */ = {isa = PBXFileReference; includeInIndex = 1; lastKnownFileType = text.xcconfig; name = "Pods-ExampleVipewTests.debug.xcconfig"; path = "Pods/Target Support Files/Pods-ExampleVipewTests/Pods-ExampleVipewTests.debug.xcconfig"; sourceTree = "<group>"; };
/* End PBXFileReference section */

/* Begin PBXFrameworksBuildPhase section */
		7BD38DC220B51398000C6D22 /* Frameworks */ = {
			isa = PBXFrameworksBuildPhase;
			buildActionMask = 2147483647;
			files = (
				8A846545E3074FE3F35C649E /* Pods_ExampleVipew.framework in Frameworks */,
			);
			runOnlyForDeploymentPostprocessing = 0;
		};
		7BD38DD920B5139B000C6D22 /* Frameworks */ = {
			isa = PBXFrameworksBuildPhase;
			buildActionMask = 2147483647;
			files = (
				D4FC713E4DF92E9776E6E376 /* Pods_ExampleVipewTests.framework in Frameworks */,
			);
			runOnlyForDeploymentPostprocessing = 0;
		};
		7BD38DE420B5139B000C6D22 /* Frameworks */ = {
			isa = PBXFrameworksBuildPhase;
			buildActionMask = 2147483647;
			files = (
				79ECC156EBFA9451964F8DC7 /* Pods_ExampleVipewUITests.framework in Frameworks */,
			);
			runOnlyForDeploymentPostprocessing = 0;
		};
/* End PBXFrameworksBuildPhase section */

/* Begin PBXGroup section */
		7B07B04E20FC7C3D00B86323 /* Home */ = {
			isa = PBXGroup;
			children = (
				7B07B05120FC7CD300B86323 /* Protocol */,
				7BD38DFF20B51430000C6D22 /* View */,
				7BD38DFD20B5141D000C6D22 /* Interactor */,
				7BD38DFE20B51425000C6D22 /* Presenter */,
				7BD38DFB20B513FB000C6D22 /* Entity */,
				7BD38DFA20B513F2000C6D22 /* Route */,
			);
			path = Home;
			sourceTree = "<group>";
		};
		7B07B04F20FC7C5400B86323 /* SecondHome */ = {
			isa = PBXGroup;
			children = (
				7B9595F120FDCAD50088AEEC /* Tableview */,
				7B07B05220FC7CDD00B86323 /* Protocol */,
				7B07B05320FC7D0200B86323 /* View */,
				7B07B05420FC7D0A00B86323 /* Interactor */,
				7B07B05520FC7D1200B86323 /* Presenter */,
				7B07B05620FC7D1900B86323 /* Entity */,
				7B07B05720FC7D2A00B86323 /* Route */,
			);
			path = SecondHome;
			sourceTree = "<group>";
		};
		7B07B05020FC7CA700B86323 /* Modul */ = {
			isa = PBXGroup;
			children = (
				7B95961321006FA40088AEEC /* EmptyView */,
				7B07B04E20FC7C3D00B86323 /* Home */,
				7B07B04F20FC7C5400B86323 /* SecondHome */,
				7B9595F620FDD52D0088AEEC /* Detail Home */,
			);
			path = Modul;
			sourceTree = "<group>";
		};
		7B07B05120FC7CD300B86323 /* Protocol */ = {
			isa = PBXGroup;
			children = (
				7BD38E0420B5162F000C6D22 /* HomeProtocols.swift */,
			);
			path = Protocol;
			sourceTree = "<group>";
		};
		7B07B05220FC7CDD00B86323 /* Protocol */ = {
			isa = PBXGroup;
			children = (
				7B07B05A20FC7EC300B86323 /* SecondHomeProtocols.swift */,
			);
			path = Protocol;
			sourceTree = "<group>";
		};
		7B07B05320FC7D0200B86323 /* View */ = {
			isa = PBXGroup;
			children = (
				7B07B05820FC7D6400B86323 /* SecondViewController.swift */,
			);
			path = View;
			sourceTree = "<group>";
		};
		7B07B05420FC7D0A00B86323 /* Interactor */ = {
			isa = PBXGroup;
			children = (
				7B07B05C20FC84BF00B86323 /* SecondInteractor.swift */,
			);
			path = Interactor;
			sourceTree = "<group>";
		};
		7B07B05520FC7D1200B86323 /* Presenter */ = {
			isa = PBXGroup;
			children = (
				7B07B05E20FC870500B86323 /* SecondPresenter.swift */,
			);
			path = Presenter;
			sourceTree = "<group>";
		};
		7B07B05620FC7D1900B86323 /* Entity */ = {
			isa = PBXGroup;
			children = (
			);
			path = Entity;
			sourceTree = "<group>";
		};
		7B07B05720FC7D2A00B86323 /* Route */ = {
			isa = PBXGroup;
			children = (
				7B07B06020FC89C100B86323 /* SecondRouter.swift */,
			);
			path = Route;
			sourceTree = "<group>";
		};
		7B9595F120FDCAD50088AEEC /* Tableview */ = {
			isa = PBXGroup;
			children = (
				7B9595F220FDCB050088AEEC /* SecondHomeTableViewCell.swift */,
				7B9595F420FDCF3B0088AEEC /* SecondDataSourceTableView.swift */,
			);
			path = Tableview;
			sourceTree = "<group>";
		};
		7B9595F620FDD52D0088AEEC /* Detail Home */ = {
			isa = PBXGroup;
			children = (
				7B9595F720FDD5840088AEEC /* Protocol */,
				7B9595F820FDD58F0088AEEC /* View */,
				7B9595F920FDD5960088AEEC /* Interactor */,
				7B9595FA20FDD59D0088AEEC /* Presenter */,
				7B9595FB20FDD5A70088AEEC /* Entity */,
				7B9595FC20FDD5B20088AEEC /* Route */,
			);
			path = "Detail Home";
			sourceTree = "<group>";
		};
		7B9595F720FDD5840088AEEC /* Protocol */ = {
			isa = PBXGroup;
			children = (
				7B9595FF20FDD75E0088AEEC /* DetailHomeProtocols.swift */,
			);
			path = Protocol;
			sourceTree = "<group>";
		};
		7B9595F820FDD58F0088AEEC /* View */ = {
			isa = PBXGroup;
			children = (
				7B9595FD20FDD5E90088AEEC /* DetailHomeViewController.swift */,
			);
			path = View;
			sourceTree = "<group>";
		};
		7B9595F920FDD5960088AEEC /* Interactor */ = {
			isa = PBXGroup;
			children = (
			);
			path = Interactor;
			sourceTree = "<group>";
		};
		7B9595FA20FDD59D0088AEEC /* Presenter */ = {
			isa = PBXGroup;
			children = (
				7B95960320FEFD170088AEEC /* DetailPresenter.swift */,
			);
			path = Presenter;
			sourceTree = "<group>";
		};
		7B9595FB20FDD5A70088AEEC /* Entity */ = {
			isa = PBXGroup;
			children = (
			);
			path = Entity;
			sourceTree = "<group>";
		};
		7B9595FC20FDD5B20088AEEC /* Route */ = {
			isa = PBXGroup;
			children = (
				7B95960120FDD8C60088AEEC /* DetailRouter.swift */,
			);
			path = Route;
			sourceTree = "<group>";
		};
		7B95960520FF197B0088AEEC /* Base Class */ = {
			isa = PBXGroup;
			children = (
				7B95960620FF198F0088AEEC /* BaseClass.swift */,
			);
			path = "Base Class";
			sourceTree = "<group>";
		};
		7B959608210036C00088AEEC /* Debug Error */ = {
			isa = PBXGroup;
			children = (
				7B959609210036EE0088AEEC /* DebugError.swift */,
			);
			path = "Debug Error";
			sourceTree = "<group>";
		};
		7B95960F210051480088AEEC /* Constants */ = {
			isa = PBXGroup;
			children = (
				7BD38E0F20B544D6000C6D22 /* Constant.swift */,
				7B95960D210050020088AEEC /* StringError.swift */,
			);
			path = Constants;
			sourceTree = "<group>";
		};
		7B9596102100533A0088AEEC /* Helper */ = {
			isa = PBXGroup;
			children = (
			);
			path = Helper;
			sourceTree = "<group>";
		};
		7B95961321006FA40088AEEC /* EmptyView */ = {
			isa = PBXGroup;
			children = (
				7B95961421006FCA0088AEEC /* EmptyView.swift */,
				7B95961F21008B2B0088AEEC /* EmptyView.xib */,
			);
			path = EmptyView;
			sourceTree = "<group>";
		};
		7BD38DBC20B51398000C6D22 = {
			isa = PBXGroup;
			children = (
				7BD38DC720B51398000C6D22 /* ExampleVipew */,
				7BD38DDF20B5139B000C6D22 /* ExampleVipewTests */,
				7BD38DEA20B5139B000C6D22 /* ExampleVipewUITests */,
				7BD38DC620B51398000C6D22 /* Products */,
				A0F8F7F61BAF84B204726742 /* Pods */,
				93B6D6119829FC5046F4CCA0 /* Frameworks */,
			);
			sourceTree = "<group>";
		};
		7BD38DC620B51398000C6D22 /* Products */ = {
			isa = PBXGroup;
			children = (
				7BD38DC520B51398000C6D22 /* ExampleVipew.app */,
				7BD38DDC20B5139B000C6D22 /* ExampleVipewTests.xctest */,
				7BD38DE720B5139B000C6D22 /* ExampleVipewUITests.xctest */,
			);
			name = Products;
			sourceTree = "<group>";
		};
		7BD38DC720B51398000C6D22 /* ExampleVipew */ = {
			isa = PBXGroup;
			children = (
				7B9596102100533A0088AEEC /* Helper */,
				7B95960F210051480088AEEC /* Constants */,
				7B959608210036C00088AEEC /* Debug Error */,
				7B95960520FF197B0088AEEC /* Base Class */,
				7BD38E0C20B542B4000C6D22 /* Networking */,
				7B07B05020FC7CA700B86323 /* Modul */,
				7BD38DC820B51398000C6D22 /* AppDelegate.swift */,
				7BD38DCA20B51398000C6D22 /* ViewController.swift */,
				7BD38DCC20B51398000C6D22 /* Main.storyboard */,
				7BD38DD220B5139B000C6D22 /* Assets.xcassets */,
				7BD38DD420B5139B000C6D22 /* LaunchScreen.storyboard */,
				7BD38DD720B5139B000C6D22 /* Info.plist */,
				7BD38DCF20B51398000C6D22 /* ExampleVipew.xcdatamodeld */,
			);
			path = ExampleVipew;
			sourceTree = "<group>";
		};
		7BD38DDF20B5139B000C6D22 /* ExampleVipewTests */ = {
			isa = PBXGroup;
			children = (
				7BD38DE020B5139B000C6D22 /* ExampleVipewTests.swift */,
				7BD38DE220B5139B000C6D22 /* Info.plist */,
			);
			path = ExampleVipewTests;
			sourceTree = "<group>";
		};
		7BD38DEA20B5139B000C6D22 /* ExampleVipewUITests */ = {
			isa = PBXGroup;
			children = (
				7BD38DEB20B5139B000C6D22 /* ExampleVipewUITests.swift */,
				7BD38DED20B5139B000C6D22 /* Info.plist */,
			);
			path = ExampleVipewUITests;
			sourceTree = "<group>";
		};
		7BD38DFA20B513F2000C6D22 /* Route */ = {
			isa = PBXGroup;
			children = (
				7BD38E0220B515E9000C6D22 /* HomeRouter.swift */,
			);
			path = Route;
			sourceTree = "<group>";
		};
		7BD38DFB20B513FB000C6D22 /* Entity */ = {
			isa = PBXGroup;
			children = (
				7BD38E1120B549C1000C6D22 /* Contact.swift */,
			);
			path = Entity;
			sourceTree = "<group>";
		};
		7BD38DFD20B5141D000C6D22 /* Interactor */ = {
			isa = PBXGroup;
			children = (
				7BD38E0A20B54022000C6D22 /* HomeInteractor.swift */,
			);
			path = Interactor;
			sourceTree = "<group>";
		};
		7BD38DFE20B51425000C6D22 /* Presenter */ = {
			isa = PBXGroup;
			children = (
				7BD38E0620B51AA5000C6D22 /* HomePresenter.swift */,
			);
			path = Presenter;
			sourceTree = "<group>";
		};
		7BD38DFF20B51430000C6D22 /* View */ = {
			isa = PBXGroup;
			children = (
				7BD38E0020B51561000C6D22 /* HomeViewController.swift */,
			);
			path = View;
			sourceTree = "<group>";
		};
		7BD38E0C20B542B4000C6D22 /* Networking */ = {
			isa = PBXGroup;
			children = (
				7B95960B21004EE00088AEEC /* Connectivity.swift */,
			);
			path = Networking;
			sourceTree = "<group>";
		};
		93B6D6119829FC5046F4CCA0 /* Frameworks */ = {
			isa = PBXGroup;
			children = (
				E2D63604D29D14B2E9367B9A /* Pods_ExampleVipew.framework */,
				14B0FF2E5C9B9BD14628B45E /* Pods_ExampleVipewTests.framework */,
				40B968DEEA27000B2106FE0C /* Pods_ExampleVipewUITests.framework */,
			);
			name = Frameworks;
			sourceTree = "<group>";
		};
		A0F8F7F61BAF84B204726742 /* Pods */ = {
			isa = PBXGroup;
			children = (
				0BE258086DB0DFC4A8E4002B /* Pods-ExampleVipew.debug.xcconfig */,
				AFB92EA6849A171882202342 /* Pods-ExampleVipew.release.xcconfig */,
				E72CD427470CA813AB5A8474 /* Pods-ExampleVipewTests.debug.xcconfig */,
				88DF6347138EEED5427FCE14 /* Pods-ExampleVipewTests.release.xcconfig */,
				CF1BB15AA858959D9C451219 /* Pods-ExampleVipewUITests.debug.xcconfig */,
				761EE28D9B1624F539C30841 /* Pods-ExampleVipewUITests.release.xcconfig */,
			);
			name = Pods;
			sourceTree = "<group>";
		};
/* End PBXGroup section */

/* Begin PBXNativeTarget section */
		7BD38DC420B51398000C6D22 /* ExampleVipew */ = {
			isa = PBXNativeTarget;
			buildConfigurationList = 7BD38DF020B5139B000C6D22 /* Build configuration list for PBXNativeTarget "ExampleVipew" */;
			buildPhases = (
				29CCF5D5926F418BE90C8C47 /* [CP] Check Pods Manifest.lock */,
				7BD38DC120B51398000C6D22 /* Sources */,
				7BD38DC220B51398000C6D22 /* Frameworks */,
				7BD38DC320B51398000C6D22 /* Resources */,
				ECE6CA79B7EB120F2E7288FA /* [CP] Embed Pods Frameworks */,
			);
			buildRules = (
			);
			dependencies = (
			);
			name = ExampleVipew;
			productName = ExampleVipew;
			productReference = 7BD38DC520B51398000C6D22 /* ExampleVipew.app */;
			productType = "com.apple.product-type.application";
		};
		7BD38DDB20B5139B000C6D22 /* ExampleVipewTests */ = {
			isa = PBXNativeTarget;
			buildConfigurationList = 7BD38DF320B5139B000C6D22 /* Build configuration list for PBXNativeTarget "ExampleVipewTests" */;
			buildPhases = (
				E4BFB1041172CCF1507F3DD5 /* [CP] Check Pods Manifest.lock */,
				7BD38DD820B5139B000C6D22 /* Sources */,
				7BD38DD920B5139B000C6D22 /* Frameworks */,
				7BD38DDA20B5139B000C6D22 /* Resources */,
			);
			buildRules = (
			);
			dependencies = (
				7BD38DDE20B5139B000C6D22 /* PBXTargetDependency */,
			);
			name = ExampleVipewTests;
			productName = ExampleVipewTests;
			productReference = 7BD38DDC20B5139B000C6D22 /* ExampleVipewTests.xctest */;
			productType = "com.apple.product-type.bundle.unit-test";
		};
		7BD38DE620B5139B000C6D22 /* ExampleVipewUITests */ = {
			isa = PBXNativeTarget;
			buildConfigurationList = 7BD38DF620B5139B000C6D22 /* Build configuration list for PBXNativeTarget "ExampleVipewUITests" */;
			buildPhases = (
				46C527722216841EC7FA6818 /* [CP] Check Pods Manifest.lock */,
				7BD38DE320B5139B000C6D22 /* Sources */,
				7BD38DE420B5139B000C6D22 /* Frameworks */,
				7BD38DE520B5139B000C6D22 /* Resources */,
			);
			buildRules = (
			);
			dependencies = (
				7BD38DE920B5139B000C6D22 /* PBXTargetDependency */,
			);
			name = ExampleVipewUITests;
			productName = ExampleVipewUITests;
			productReference = 7BD38DE720B5139B000C6D22 /* ExampleVipewUITests.xctest */;
			productType = "com.apple.product-type.bundle.ui-testing";
		};
/* End PBXNativeTarget section */

/* Begin PBXProject section */
		7BD38DBD20B51398000C6D22 /* Project object */ = {
			isa = PBXProject;
			attributes = {
				LastSwiftUpdateCheck = 0930;
				LastUpgradeCheck = 0930;
				ORGANIZATIONNAME = "yana mulyana";
				TargetAttributes = {
					7BD38DC420B51398000C6D22 = {
						CreatedOnToolsVersion = 9.3;
					};
					7BD38DDB20B5139B000C6D22 = {
						CreatedOnToolsVersion = 9.3;
						TestTargetID = 7BD38DC420B51398000C6D22;
					};
					7BD38DE620B5139B000C6D22 = {
						CreatedOnToolsVersion = 9.3;
						TestTargetID = 7BD38DC420B51398000C6D22;
					};
				};
			};
			buildConfigurationList = 7BD38DC020B51398000C6D22 /* Build configuration list for PBXProject "ExampleVipew" */;
			compatibilityVersion = "Xcode 9.3";
			developmentRegion = en;
			hasScannedForEncodings = 0;
			knownRegions = (
				en,
				Base,
			);
			mainGroup = 7BD38DBC20B51398000C6D22;
			productRefGroup = 7BD38DC620B51398000C6D22 /* Products */;
			projectDirPath = "";
			projectRoot = "";
			targets = (
				7BD38DC420B51398000C6D22 /* ExampleVipew */,
				7BD38DDB20B5139B000C6D22 /* ExampleVipewTests */,
				7BD38DE620B5139B000C6D22 /* ExampleVipewUITests */,
			);
		};
/* End PBXProject section */

/* Begin PBXResourcesBuildPhase section */
		7BD38DC320B51398000C6D22 /* Resources */ = {
			isa = PBXResourcesBuildPhase;
			buildActionMask = 2147483647;
			files = (
				7B95962021008B2B0088AEEC /* EmptyView.xib in Resources */,
				7BD38DD620B5139B000C6D22 /* LaunchScreen.storyboard in Resources */,
				7BD38DD320B5139B000C6D22 /* Assets.xcassets in Resources */,
				7BD38DCE20B51398000C6D22 /* Main.storyboard in Resources */,
			);
			runOnlyForDeploymentPostprocessing = 0;
		};
		7BD38DDA20B5139B000C6D22 /* Resources */ = {
			isa = PBXResourcesBuildPhase;
			buildActionMask = 2147483647;
			files = (
			);
			runOnlyForDeploymentPostprocessing = 0;
		};
		7BD38DE520B5139B000C6D22 /* Resources */ = {
			isa = PBXResourcesBuildPhase;
			buildActionMask = 2147483647;
			files = (
			);
			runOnlyForDeploymentPostprocessing = 0;
		};
/* End PBXResourcesBuildPhase section */

/* Begin PBXShellScriptBuildPhase section */
		29CCF5D5926F418BE90C8C47 /* [CP] Check Pods Manifest.lock */ = {
			isa = PBXShellScriptBuildPhase;
			buildActionMask = 2147483647;
			files = (
			);
			inputPaths = (
				"${PODS_PODFILE_DIR_PATH}/Podfile.lock",
				"${PODS_ROOT}/Manifest.lock",
			);
			name = "[CP] Check Pods Manifest.lock";
			outputPaths = (
				"$(DERIVED_FILE_DIR)/Pods-ExampleVipew-checkManifestLockResult.txt",
			);
			runOnlyForDeploymentPostprocessing = 0;
			shellPath = /bin/sh;
			shellScript = "diff \"${PODS_PODFILE_DIR_PATH}/Podfile.lock\" \"${PODS_ROOT}/Manifest.lock\" > /dev/null\nif [ $? != 0 ] ; then\n    # print error to STDERR\n    echo \"error: The sandbox is not in sync with the Podfile.lock. Run 'pod install' or update your CocoaPods installation.\" >&2\n    exit 1\nfi\n# This output is used by Xcode 'outputs' to avoid re-running this script phase.\necho \"SUCCESS\" > \"${SCRIPT_OUTPUT_FILE_0}\"\n";
			showEnvVarsInLog = 0;
		};
		46C527722216841EC7FA6818 /* [CP] Check Pods Manifest.lock */ = {
			isa = PBXShellScriptBuildPhase;
			buildActionMask = 2147483647;
			files = (
			);
			inputPaths = (
				"${PODS_PODFILE_DIR_PATH}/Podfile.lock",
				"${PODS_ROOT}/Manifest.lock",
			);
			name = "[CP] Check Pods Manifest.lock";
			outputPaths = (
				"$(DERIVED_FILE_DIR)/Pods-ExampleVipewUITests-checkManifestLockResult.txt",
			);
			runOnlyForDeploymentPostprocessing = 0;
			shellPath = /bin/sh;
			shellScript = "diff \"${PODS_PODFILE_DIR_PATH}/Podfile.lock\" \"${PODS_ROOT}/Manifest.lock\" > /dev/null\nif [ $? != 0 ] ; then\n    # print error to STDERR\n    echo \"error: The sandbox is not in sync with the Podfile.lock. Run 'pod install' or update your CocoaPods installation.\" >&2\n    exit 1\nfi\n# This output is used by Xcode 'outputs' to avoid re-running this script phase.\necho \"SUCCESS\" > \"${SCRIPT_OUTPUT_FILE_0}\"\n";
			showEnvVarsInLog = 0;
		};
		E4BFB1041172CCF1507F3DD5 /* [CP] Check Pods Manifest.lock */ = {
			isa = PBXShellScriptBuildPhase;
			buildActionMask = 2147483647;
			files = (
			);
			inputPaths = (
				"${PODS_PODFILE_DIR_PATH}/Podfile.lock",
				"${PODS_ROOT}/Manifest.lock",
			);
			name = "[CP] Check Pods Manifest.lock";
			outputPaths = (
				"$(DERIVED_FILE_DIR)/Pods-ExampleVipewTests-checkManifestLockResult.txt",
			);
			runOnlyForDeploymentPostprocessing = 0;
			shellPath = /bin/sh;
			shellScript = "diff \"${PODS_PODFILE_DIR_PATH}/Podfile.lock\" \"${PODS_ROOT}/Manifest.lock\" > /dev/null\nif [ $? != 0 ] ; then\n    # print error to STDERR\n    echo \"error: The sandbox is not in sync with the Podfile.lock. Run 'pod install' or update your CocoaPods installation.\" >&2\n    exit 1\nfi\n# This output is used by Xcode 'outputs' to avoid re-running this script phase.\necho \"SUCCESS\" > \"${SCRIPT_OUTPUT_FILE_0}\"\n";
			showEnvVarsInLog = 0;
		};
		ECE6CA79B7EB120F2E7288FA /* [CP] Embed Pods Frameworks */ = {
			isa = PBXShellScriptBuildPhase;
			buildActionMask = 2147483647;
			files = (
			);
			inputPaths = (
				"${SRCROOT}/Pods/Target Support Files/Pods-ExampleVipew/Pods-ExampleVipew-frameworks.sh",
				"${BUILT_PRODUCTS_DIR}/Alamofire/Alamofire.framework",
				"${BUILT_PRODUCTS_DIR}/Moya/Moya.framework",
				"${BUILT_PRODUCTS_DIR}/PKHUD/PKHUD.framework",
				"${BUILT_PRODUCTS_DIR}/Result/Result.framework",
			);
			name = "[CP] Embed Pods Frameworks";
			outputPaths = (
				"${TARGET_BUILD_DIR}/${FRAMEWORKS_FOLDER_PATH}/Alamofire.framework",
				"${TARGET_BUILD_DIR}/${FRAMEWORKS_FOLDER_PATH}/Moya.framework",
				"${TARGET_BUILD_DIR}/${FRAMEWORKS_FOLDER_PATH}/PKHUD.framework",
				"${TARGET_BUILD_DIR}/${FRAMEWORKS_FOLDER_PATH}/Result.framework",
			);
			runOnlyForDeploymentPostprocessing = 0;
			shellPath = /bin/sh;
			shellScript = "\"${SRCROOT}/Pods/Target Support Files/Pods-ExampleVipew/Pods-ExampleVipew-frameworks.sh\"\n";
			showEnvVarsInLog = 0;
		};
/* End PBXShellScriptBuildPhase section */

/* Begin PBXSourcesBuildPhase section */
		7BD38DC120B51398000C6D22 /* Sources */ = {
			isa = PBXSourcesBuildPhase;
			buildActionMask = 2147483647;
			files = (
				7B95960A210036EE0088AEEC /* DebugError.swift in Sources */,
				7B9595F320FDCB050088AEEC /* SecondHomeTableViewCell.swift in Sources */,
				7B07B05920FC7D6400B86323 /* SecondViewController.swift in Sources */,
				7B9595FE20FDD5E90088AEEC /* DetailHomeViewController.swift in Sources */,
				7BD38E1220B549C1000C6D22 /* Contact.swift in Sources */,
				7B95960E210050020088AEEC /* StringError.swift in Sources */,
				7BD38E0720B51AA5000C6D22 /* HomePresenter.swift in Sources */,
				7B95960420FEFD170088AEEC /* DetailPresenter.swift in Sources */,
				7B95960220FDD8C60088AEEC /* DetailRouter.swift in Sources */,
				7B07B05D20FC84BF00B86323 /* SecondInteractor.swift in Sources */,
				7BD38DCB20B51398000C6D22 /* ViewController.swift in Sources */,
				7BD38DC920B51398000C6D22 /* AppDelegate.swift in Sources */,
				7BD38DD120B51398000C6D22 /* ExampleVipew.xcdatamodeld in Sources */,
				7B95960720FF198F0088AEEC /* BaseClass.swift in Sources */,
				7B95961521006FCA0088AEEC /* EmptyView.swift in Sources */,
				7B07B05B20FC7EC300B86323 /* SecondHomeProtocols.swift in Sources */,
				7BD38E0120B51561000C6D22 /* HomeViewController.swift in Sources */,
				7BD38E0B20B54022000C6D22 /* HomeInteractor.swift in Sources */,
				7B07B06120FC89C100B86323 /* SecondRouter.swift in Sources */,
				7B95960020FDD75E0088AEEC /* DetailHomeProtocols.swift in Sources */,
				7B07B05F20FC870500B86323 /* SecondPresenter.swift in Sources */,
				7BD38E1020B544D6000C6D22 /* Constant.swift in Sources */,
				7B95960C21004EE00088AEEC /* Connectivity.swift in Sources */,
				7BD38E0520B5162F000C6D22 /* HomeProtocols.swift in Sources */,
				7B9595F520FDCF3B0088AEEC /* SecondDataSourceTableView.swift in Sources */,
				7BD38E0320B515E9000C6D22 /* HomeRouter.swift in Sources */,
			);
			runOnlyForDeploymentPostprocessing = 0;
		};
		7BD38DD820B5139B000C6D22 /* Sources */ = {
			isa = PBXSourcesBuildPhase;
			buildActionMask = 2147483647;
			files = (
				7BD38DE120B5139B000C6D22 /* ExampleVipewTests.swift in Sources */,
			);
			runOnlyForDeploymentPostprocessing = 0;
		};
		7BD38DE320B5139B000C6D22 /* Sources */ = {
			isa = PBXSourcesBuildPhase;
			buildActionMask = 2147483647;
			files = (
				7BD38DEC20B5139B000C6D22 /* ExampleVipewUITests.swift in Sources */,
			);
			runOnlyForDeploymentPostprocessing = 0;
		};
/* End PBXSourcesBuildPhase section */

/* Begin PBXTargetDependency section */
		7BD38DDE20B5139B000C6D22 /* PBXTargetDependency */ = {
			isa = PBXTargetDependency;
			target = 7BD38DC420B51398000C6D22 /* ExampleVipew */;
			targetProxy = 7BD38DDD20B5139B000C6D22 /* PBXContainerItemProxy */;
		};
		7BD38DE920B5139B000C6D22 /* PBXTargetDependency */ = {
			isa = PBXTargetDependency;
			target = 7BD38DC420B51398000C6D22 /* ExampleVipew */;
			targetProxy = 7BD38DE820B5139B000C6D22 /* PBXContainerItemProxy */;
		};
/* End PBXTargetDependency section */

/* Begin PBXVariantGroup section */
		7BD38DCC20B51398000C6D22 /* Main.storyboard */ = {
			isa = PBXVariantGroup;
			children = (
				7BD38DCD20B51398000C6D22 /* Base */,
			);
			name = Main.storyboard;
			sourceTree = "<group>";
		};
		7BD38DD420B5139B000C6D22 /* LaunchScreen.storyboard */ = {
			isa = PBXVariantGroup;
			children = (
				7BD38DD520B5139B000C6D22 /* Base */,
			);
			name = LaunchScreen.storyboard;
			sourceTree = "<group>";
		};
/* End PBXVariantGroup section */

/* Begin XCBuildConfiguration section */
		7BD38DEE20B5139B000C6D22 /* Debug */ = {
			isa = XCBuildConfiguration;
			buildSettings = {
				ALWAYS_SEARCH_USER_PATHS = NO;
				CLANG_ANALYZER_NONNULL = YES;
				CLANG_ANALYZER_NUMBER_OBJECT_CONVERSION = YES_AGGRESSIVE;
				CLANG_CXX_LANGUAGE_STANDARD = "gnu++14";
				CLANG_CXX_LIBRARY = "libc++";
				CLANG_ENABLE_MODULES = YES;
				CLANG_ENABLE_OBJC_ARC = YES;
				CLANG_ENABLE_OBJC_WEAK = YES;
				CLANG_WARN_BLOCK_CAPTURE_AUTORELEASING = YES;
				CLANG_WARN_BOOL_CONVERSION = YES;
				CLANG_WARN_COMMA = YES;
				CLANG_WARN_CONSTANT_CONVERSION = YES;
				CLANG_WARN_DEPRECATED_OBJC_IMPLEMENTATIONS = YES;
				CLANG_WARN_DIRECT_OBJC_ISA_USAGE = YES_ERROR;
				CLANG_WARN_DOCUMENTATION_COMMENTS = YES;
				CLANG_WARN_EMPTY_BODY = YES;
				CLANG_WARN_ENUM_CONVERSION = YES;
				CLANG_WARN_INFINITE_RECURSION = YES;
				CLANG_WARN_INT_CONVERSION = YES;
				CLANG_WARN_NON_LITERAL_NULL_CONVERSION = YES;
				CLANG_WARN_OBJC_IMPLICIT_RETAIN_SELF = YES;
				CLANG_WARN_OBJC_LITERAL_CONVERSION = YES;
				CLANG_WARN_OBJC_ROOT_CLASS = YES_ERROR;
				CLANG_WARN_RANGE_LOOP_ANALYSIS = YES;
				CLANG_WARN_STRICT_PROTOTYPES = YES;
				CLANG_WARN_SUSPICIOUS_MOVE = YES;
				CLANG_WARN_UNGUARDED_AVAILABILITY = YES_AGGRESSIVE;
				CLANG_WARN_UNREACHABLE_CODE = YES;
				CLANG_WARN__DUPLICATE_METHOD_MATCH = YES;
				CODE_SIGN_IDENTITY = "iPhone Developer";
				COPY_PHASE_STRIP = NO;
				DEBUG_INFORMATION_FORMAT = dwarf;
				ENABLE_STRICT_OBJC_MSGSEND = YES;
				ENABLE_TESTABILITY = YES;
				GCC_C_LANGUAGE_STANDARD = gnu11;
				GCC_DYNAMIC_NO_PIC = NO;
				GCC_NO_COMMON_BLOCKS = YES;
				GCC_OPTIMIZATION_LEVEL = 0;
				GCC_PREPROCESSOR_DEFINITIONS = (
					"DEBUG=1",
					"$(inherited)",
				);
				GCC_WARN_64_TO_32_BIT_CONVERSION = YES;
				GCC_WARN_ABOUT_RETURN_TYPE = YES_ERROR;
				GCC_WARN_UNDECLARED_SELECTOR = YES;
				GCC_WARN_UNINITIALIZED_AUTOS = YES_AGGRESSIVE;
				GCC_WARN_UNUSED_FUNCTION = YES;
				GCC_WARN_UNUSED_VARIABLE = YES;
				IPHONEOS_DEPLOYMENT_TARGET = 11.3;
				MTL_ENABLE_DEBUG_INFO = YES;
				ONLY_ACTIVE_ARCH = YES;
				SDKROOT = iphoneos;
				SWIFT_ACTIVE_COMPILATION_CONDITIONS = DEBUG;
				SWIFT_OPTIMIZATION_LEVEL = "-Onone";
			};
			name = Debug;
		};
		7BD38DEF20B5139B000C6D22 /* Release */ = {
			isa = XCBuildConfiguration;
			buildSettings = {
				ALWAYS_SEARCH_USER_PATHS = NO;
				CLANG_ANALYZER_NONNULL = YES;
				CLANG_ANALYZER_NUMBER_OBJECT_CONVERSION = YES_AGGRESSIVE;
				CLANG_CXX_LANGUAGE_STANDARD = "gnu++14";
				CLANG_CXX_LIBRARY = "libc++";
				CLANG_ENABLE_MODULES = YES;
				CLANG_ENABLE_OBJC_ARC = YES;
				CLANG_ENABLE_OBJC_WEAK = YES;
				CLANG_WARN_BLOCK_CAPTURE_AUTORELEASING = YES;
				CLANG_WARN_BOOL_CONVERSION = YES;
				CLANG_WARN_COMMA = YES;
				CLANG_WARN_CONSTANT_CONVERSION = YES;
				CLANG_WARN_DEPRECATED_OBJC_IMPLEMENTATIONS = YES;
				CLANG_WARN_DIRECT_OBJC_ISA_USAGE = YES_ERROR;
				CLANG_WARN_DOCUMENTATION_COMMENTS = YES;
				CLANG_WARN_EMPTY_BODY = YES;
				CLANG_WARN_ENUM_CONVERSION = YES;
				CLANG_WARN_INFINITE_RECURSION = YES;
				CLANG_WARN_INT_CONVERSION = YES;
				CLANG_WARN_NON_LITERAL_NULL_CONVERSION = YES;
				CLANG_WARN_OBJC_IMPLICIT_RETAIN_SELF = YES;
				CLANG_WARN_OBJC_LITERAL_CONVERSION = YES;
				CLANG_WARN_OBJC_ROOT_CLASS = YES_ERROR;
				CLANG_WARN_RANGE_LOOP_ANALYSIS = YES;
				CLANG_WARN_STRICT_PROTOTYPES = YES;
				CLANG_WARN_SUSPICIOUS_MOVE = YES;
				CLANG_WARN_UNGUARDED_AVAILABILITY = YES_AGGRESSIVE;
				CLANG_WARN_UNREACHABLE_CODE = YES;
				CLANG_WARN__DUPLICATE_METHOD_MATCH = YES;
				CODE_SIGN_IDENTITY = "iPhone Developer";
				COPY_PHASE_STRIP = NO;
				DEBUG_INFORMATION_FORMAT = "dwarf-with-dsym";
				ENABLE_NS_ASSERTIONS = NO;
				ENABLE_STRICT_OBJC_MSGSEND = YES;
				GCC_C_LANGUAGE_STANDARD = gnu11;
				GCC_NO_COMMON_BLOCKS = YES;
				GCC_WARN_64_TO_32_BIT_CONVERSION = YES;
				GCC_WARN_ABOUT_RETURN_TYPE = YES_ERROR;
				GCC_WARN_UNDECLARED_SELECTOR = YES;
				GCC_WARN_UNINITIALIZED_AUTOS = YES_AGGRESSIVE;
				GCC_WARN_UNUSED_FUNCTION = YES;
				GCC_WARN_UNUSED_VARIABLE = YES;
				IPHONEOS_DEPLOYMENT_TARGET = 11.3;
				MTL_ENABLE_DEBUG_INFO = NO;
				SDKROOT = iphoneos;
				SWIFT_COMPILATION_MODE = wholemodule;
				SWIFT_OPTIMIZATION_LEVEL = "-O";
				VALIDATE_PRODUCT = YES;
			};
			name = Release;
		};
		7BD38DF120B5139B000C6D22 /* Debug */ = {
			isa = XCBuildConfiguration;
			baseConfigurationReference = 0BE258086DB0DFC4A8E4002B /* Pods-ExampleVipew.debug.xcconfig */;
			buildSettings = {
				ASSETCATALOG_COMPILER_APPICON_NAME = AppIcon;
				CODE_SIGN_STYLE = Automatic;
				DEVELOPMENT_TEAM = UJBD2YSBS3;
				INFOPLIST_FILE = ExampleVipew/Info.plist;
				IPHONEOS_DEPLOYMENT_TARGET = 10.0;
				LD_RUNPATH_SEARCH_PATHS = (
					"$(inherited)",
					"@executable_path/Frameworks",
				);
				PRODUCT_BUNDLE_IDENTIFIER = com.icon.ExampleVipew;
				PRODUCT_NAME = "$(TARGET_NAME)";
				SWIFT_VERSION = 4.0;
				TARGETED_DEVICE_FAMILY = "1,2";
			};
			name = Debug;
		};
		7BD38DF220B5139B000C6D22 /* Release */ = {
			isa = XCBuildConfiguration;
			baseConfigurationReference = AFB92EA6849A171882202342 /* Pods-ExampleVipew.release.xcconfig */;
			buildSettings = {
				ASSETCATALOG_COMPILER_APPICON_NAME = AppIcon;
				CODE_SIGN_STYLE = Automatic;
				DEVELOPMENT_TEAM = UJBD2YSBS3;
				INFOPLIST_FILE = ExampleVipew/Info.plist;
				IPHONEOS_DEPLOYMENT_TARGET = 10.0;
				LD_RUNPATH_SEARCH_PATHS = (
					"$(inherited)",
					"@executable_path/Frameworks",
				);
				PRODUCT_BUNDLE_IDENTIFIER = com.icon.ExampleVipew;
				PRODUCT_NAME = "$(TARGET_NAME)";
				SWIFT_VERSION = 4.0;
				TARGETED_DEVICE_FAMILY = "1,2";
			};
			name = Release;
		};
		7BD38DF420B5139B000C6D22 /* Debug */ = {
			isa = XCBuildConfiguration;
			baseConfigurationReference = E72CD427470CA813AB5A8474 /* Pods-ExampleVipewTests.debug.xcconfig */;
			buildSettings = {
				ALWAYS_EMBED_SWIFT_STANDARD_LIBRARIES = YES;
				BUNDLE_LOADER = "$(TEST_HOST)";
				CODE_SIGN_STYLE = Automatic;
				DEVELOPMENT_TEAM = UJBD2YSBS3;
				INFOPLIST_FILE = ExampleVipewTests/Info.plist;
				LD_RUNPATH_SEARCH_PATHS = (
					"$(inherited)",
					"@executable_path/Frameworks",
					"@loader_path/Frameworks",
				);
				PRODUCT_BUNDLE_IDENTIFIER = com.icon.ExampleVipewTests;
				PRODUCT_NAME = "$(TARGET_NAME)";
				SWIFT_VERSION = 4.0;
				TARGETED_DEVICE_FAMILY = "1,2";
				TEST_HOST = "$(BUILT_PRODUCTS_DIR)/ExampleVipew.app/ExampleVipew";
			};
			name = Debug;
		};
		7BD38DF520B5139B000C6D22 /* Release */ = {
			isa = XCBuildConfiguration;
			baseConfigurationReference = 88DF6347138EEED5427FCE14 /* Pods-ExampleVipewTests.release.xcconfig */;
			buildSettings = {
				ALWAYS_EMBED_SWIFT_STANDARD_LIBRARIES = YES;
				BUNDLE_LOADER = "$(TEST_HOST)";
				CODE_SIGN_STYLE = Automatic;
				DEVELOPMENT_TEAM = UJBD2YSBS3;
				INFOPLIST_FILE = ExampleVipewTests/Info.plist;
				LD_RUNPATH_SEARCH_PATHS = (
					"$(inherited)",
					"@executable_path/Frameworks",
					"@loader_path/Frameworks",
				);
				PRODUCT_BUNDLE_IDENTIFIER = com.icon.ExampleVipewTests;
				PRODUCT_NAME = "$(TARGET_NAME)";
				SWIFT_VERSION = 4.0;
				TARGETED_DEVICE_FAMILY = "1,2";
				TEST_HOST = "$(BUILT_PRODUCTS_DIR)/ExampleVipew.app/ExampleVipew";
			};
			name = Release;
		};
		7BD38DF720B5139B000C6D22 /* Debug */ = {
			isa = XCBuildConfiguration;
			baseConfigurationReference = CF1BB15AA858959D9C451219 /* Pods-ExampleVipewUITests.debug.xcconfig */;
			buildSettings = {
				ALWAYS_EMBED_SWIFT_STANDARD_LIBRARIES = YES;
				CODE_SIGN_STYLE = Automatic;
				DEVELOPMENT_TEAM = UJBD2YSBS3;
				INFOPLIST_FILE = ExampleVipewUITests/Info.plist;
				LD_RUNPATH_SEARCH_PATHS = (
					"$(inherited)",
					"@executable_path/Frameworks",
					"@loader_path/Frameworks",
				);
				PRODUCT_BUNDLE_IDENTIFIER = com.icon.ExampleVipewUITests;
				PRODUCT_NAME = "$(TARGET_NAME)";
				SWIFT_VERSION = 4.0;
				TARGETED_DEVICE_FAMILY = "1,2";
				TEST_TARGET_NAME = ExampleVipew;
			};
			name = Debug;
		};
		7BD38DF820B5139B000C6D22 /* Release */ = {
			isa = XCBuildConfiguration;
			baseConfigurationReference = 761EE28D9B1624F539C30841 /* Pods-ExampleVipewUITests.release.xcconfig */;
			buildSettings = {
				ALWAYS_EMBED_SWIFT_STANDARD_LIBRARIES = YES;
				CODE_SIGN_STYLE = Automatic;
				DEVELOPMENT_TEAM = UJBD2YSBS3;
				INFOPLIST_FILE = ExampleVipewUITests/Info.plist;
				LD_RUNPATH_SEARCH_PATHS = (
					"$(inherited)",
					"@executable_path/Frameworks",
					"@loader_path/Frameworks",
				);
				PRODUCT_BUNDLE_IDENTIFIER = com.icon.ExampleVipewUITests;
				PRODUCT_NAME = "$(TARGET_NAME)";
				SWIFT_VERSION = 4.0;
				TARGETED_DEVICE_FAMILY = "1,2";
				TEST_TARGET_NAME = ExampleVipew;
			};
			name = Release;
		};
/* End XCBuildConfiguration section */

/* Begin XCConfigurationList section */
		7BD38DC020B51398000C6D22 /* Build configuration list for PBXProject "ExampleVipew" */ = {
			isa = XCConfigurationList;
			buildConfigurations = (
				7BD38DEE20B5139B000C6D22 /* Debug */,
				7BD38DEF20B5139B000C6D22 /* Release */,
			);
			defaultConfigurationIsVisible = 0;
			defaultConfigurationName = Release;
		};
		7BD38DF020B5139B000C6D22 /* Build configuration list for PBXNativeTarget "ExampleVipew" */ = {
			isa = XCConfigurationList;
			buildConfigurations = (
				7BD38DF120B5139B000C6D22 /* Debug */,
				7BD38DF220B5139B000C6D22 /* Release */,
			);
			defaultConfigurationIsVisible = 0;
			defaultConfigurationName = Release;
		};
		7BD38DF320B5139B000C6D22 /* Build configuration list for PBXNativeTarget "ExampleVipewTests" */ = {
			isa = XCConfigurationList;
			buildConfigurations = (
				7BD38DF420B5139B000C6D22 /* Debug */,
				7BD38DF520B5139B000C6D22 /* Release */,
			);
			defaultConfigurationIsVisible = 0;
			defaultConfigurationName = Release;
		};
		7BD38DF620B5139B000C6D22 /* Build configuration list for PBXNativeTarget "ExampleVipewUITests" */ = {
			isa = XCConfigurationList;
			buildConfigurations = (
				7BD38DF720B5139B000C6D22 /* Debug */,
				7BD38DF820B5139B000C6D22 /* Release */,
			);
			defaultConfigurationIsVisible = 0;
			defaultConfigurationName = Release;
		};
/* End XCConfigurationList section */

/* Begin XCVersionGroup section */
		7BD38DCF20B51398000C6D22 /* ExampleVipew.xcdatamodeld */ = {
			isa = XCVersionGroup;
			children = (
				7BD38DD020B51398000C6D22 /* ExampleVipew.xcdatamodel */,
			);
			currentVersion = 7BD38DD020B51398000C6D22 /* ExampleVipew.xcdatamodel */;
			path = ExampleVipew.xcdatamodeld;
			sourceTree = "<group>";
			versionGroupType = wrapper.xcdatamodel;
		};
/* End XCVersionGroup section */
	};
	rootObject = 7BD38DBD20B51398000C6D22 /* Project object */;
}
